<Solution>
  <Folder Name="/items/">
    <File Path=".editorconfig" />
    <File Path=".gitignore" />
    <File Path="Directory.Build.props" />
    <File Path="global.json" />
  </Folder>
  <Folder Name="/src/">
    <Project Path="src/GoTo/GoTo.csproj" />
  </Folder>
  <Folder Name="/tests/">
    <Project Path="tests/GoTo.Tests/GoTo.Tests.csproj" />
  </Folder>
</Solution>
